
Microsoft Visual Studio Solution File, Format Version 12.00
# Visual Studio 14
VisualStudioVersion = 14.0.25123.0
MinimumVisualStudioVersion = 10.0.40219.1
Project("{FAE04EC0-301F-11D3-BF4B-00C04F79EFBC}") = "Systek.Net", "Systek.Net\Systek.Net.csproj", "{810835D9-FA05-462E-B135-B72EF09D2A9D}"
EndProject
Project("{FAE04EC0-301F-11D3-BF4B-00C04F79EFBC}") = "Systek.UnitTests", "Systek.UnitTests\Systek.UnitTests.csproj", "{93A0E3EF-BEBA-48A8-83F2-BFD688A9D9C1}"
	ProjectSection(ProjectDependencies) = postProject
		{3D46786E-31FA-4F27-8A33-C53EE7DA2409} = {3D46786E-31FA-4F27-8A33-C53EE7DA2409}
		{9B9F24B2-5493-4FC7-B565-BF2F8FB91617} = {9B9F24B2-5493-4FC7-B565-BF2F8FB91617}
		{810835D9-FA05-462E-B135-B72EF09D2A9D} = {810835D9-FA05-462E-B135-B72EF09D2A9D}
		{8A5FE9F3-8A95-4112-869D-844FAB00F8E5} = {8A5FE9F3-8A95-4112-869D-844FAB00F8E5}
	EndProjectSection
EndProject
Project("{FAE04EC0-301F-11D3-BF4B-00C04F79EFBC}") = "Systek.Agent", "Systek.Agent\Systek.Agent.csproj", "{3D46786E-31FA-4F27-8A33-C53EE7DA2409}"
	ProjectSection(ProjectDependencies) = postProject
		{9B9F24B2-5493-4FC7-B565-BF2F8FB91617} = {9B9F24B2-5493-4FC7-B565-BF2F8FB91617}
	EndProjectSection
EndProject
Project("{FAE04EC0-301F-11D3-BF4B-00C04F79EFBC}") = "Systek.Server", "Systek.Server\Systek.Server.csproj", "{8A5FE9F3-8A95-4112-869D-844FAB00F8E5}"
	ProjectSection(ProjectDependencies) = postProject
		{9B9F24B2-5493-4FC7-B565-BF2F8FB91617} = {9B9F24B2-5493-4FC7-B565-BF2F8FB91617}
	EndProjectSection
EndProject
Project("{FAE04EC0-301F-11D3-BF4B-00C04F79EFBC}") = "Systek.Utility", "Systek.Utility\Systek.Utility.csproj", "{9B9F24B2-5493-4FC7-B565-BF2F8FB91617}"
EndProject
Global
	GlobalSection(SolutionConfigurationPlatforms) = preSolution
		Debug|Any CPU = Debug|Any CPU
		Release|Any CPU = Release|Any CPU
	EndGlobalSection
	GlobalSection(ProjectConfigurationPlatforms) = postSolution
		{810835D9-FA05-462E-B135-B72EF09D2A9D}.Debug|Any CPU.ActiveCfg = Debug|Any CPU
		{810835D9-FA05-462E-B135-B72EF09D2A9D}.Debug|Any CPU.Build.0 = Debug|Any CPU
		{810835D9-FA05-462E-B135-B72EF09D2A9D}.Release|Any CPU.ActiveCfg = Release|Any CPU
		{810835D9-FA05-462E-B135-B72EF09D2A9D}.Release|Any CPU.Build.0 = Release|Any CPU
		{93A0E3EF-BEBA-48A8-83F2-BFD688A9D9C1}.Debug|Any CPU.ActiveCfg = Debug|Any CPU
		{93A0E3EF-BEBA-48A8-83F2-BFD688A9D9C1}.Debug|Any CPU.Build.0 = Debug|Any CPU
		{93A0E3EF-BEBA-48A8-83F2-BFD688A9D9C1}.Release|Any CPU.ActiveCfg = Release|Any CPU
		{93A0E3EF-BEBA-48A8-83F2-BFD688A9D9C1}.Release|Any CPU.Build.0 = Release|Any CPU
		{3D46786E-31FA-4F27-8A33-C53EE7DA2409}.Debug|Any CPU.ActiveCfg = Debug|Any CPU
		{3D46786E-31FA-4F27-8A33-C53EE7DA2409}.Debug|Any CPU.Build.0 = Debug|Any CPU
		{3D46786E-31FA-4F27-8A33-C53EE7DA2409}.Release|Any CPU.ActiveCfg = Release|Any CPU
		{3D46786E-31FA-4F27-8A33-C53EE7DA2409}.Release|Any CPU.Build.0 = Release|Any CPU
		{8A5FE9F3-8A95-4112-869D-844FAB00F8E5}.Debug|Any CPU.ActiveCfg = Debug|Any CPU
		{8A5FE9F3-8A95-4112-869D-844FAB00F8E5}.Debug|Any CPU.Build.0 = Debug|Any CPU
		{8A5FE9F3-8A95-4112-869D-844FAB00F8E5}.Release|Any CPU.ActiveCfg = Release|Any CPU
		{8A5FE9F3-8A95-4112-869D-844FAB00F8E5}.Release|Any CPU.Build.0 = Release|Any CPU
		{9B9F24B2-5493-4FC7-B565-BF2F8FB91617}.Debug|Any CPU.ActiveCfg = Debug|Any CPU
		{9B9F24B2-5493-4FC7-B565-BF2F8FB91617}.Debug|Any CPU.Build.0 = Debug|Any CPU
		{9B9F24B2-5493-4FC7-B565-BF2F8FB91617}.Release|Any CPU.ActiveCfg = Release|Any CPU
		{9B9F24B2-5493-4FC7-B565-BF2F8FB91617}.Release|Any CPU.Build.0 = Release|Any CPU
	EndGlobalSection
	GlobalSection(SolutionProperties) = preSolution
		HideSolutionNode = FALSE
	EndGlobalSection
EndGlobal
